
Microsoft Visual Studio Solution File, Format Version 12.00
# Visual Studio Version 17
VisualStudioVersion = 17.3.32922.545
MinimumVisualStudioVersion = 10.0.40219.1
Project("{FAE04EC0-301F-11D3-BF4B-00C04F79EFBC}") = "AuthorizationDB", "AuthorizationDB\AuthorizationDB.csproj", "{D9447E12-BED7-48BB-9450-E32D6AA4E52D}"
EndProject
Global
	GlobalSection(SolutionConfigurationPlatforms) = preSolution
		Debug|Any CPU = Debug|Any CPU
		Release|Any CPU = Release|Any CPU
	EndGlobalSection
	GlobalSection(ProjectConfigurationPlatforms) = postSolution
		{D9447E12-BED7-48BB-9450-E32D6AA4E52D}.Debug|Any CPU.ActiveCfg = Debug|Any CPU
		{D9447E12-BED7-48BB-9450-E32D6AA4E52D}.Debug|Any CPU.Build.0 = Debug|Any CPU
		{D9447E12-BED7-48BB-9450-E32D6AA4E52D}.Release|Any CPU.ActiveCfg = Release|Any CPU
		{D9447E12-BED7-48BB-9450-E32D6AA4E52D}.Release|Any CPU.Build.0 = Release|Any CPU
	EndGlobalSection
	GlobalSection(SolutionProperties) = preSolution
		HideSolutionNode = FALSE
	EndGlobalSection
	GlobalSection(ExtensibilityGlobals) = postSolution
		SolutionGuid = {42E1F504-A9F5-4CA5-AA5B-A66C7D7ADCE9}
	EndGlobalSection
EndGlobal
